
Microsoft Visual Studio Solution File, Format Version 12.00
# Visual Studio 15
VisualStudioVersion = 15.0.26730.16
MinimumVisualStudioVersion = 10.0.40219.1
Project("{9A19103F-16F7-4668-BE54-9A1E7A4F7556}") = "ContainerWrapper", "ContainerWrapper\ContainerWrapper.csproj", "{1100B55B-5032-465B-8261-0C43526323F7}"
EndProject
Project("{9A19103F-16F7-4668-BE54-9A1E7A4F7556}") = "ContainerWrapper.Tests", "ContainerWrapper.Tests\ContainerWrapper.Tests.csproj", "{2ED73018-B987-40F8-9848-21EFDD2483E3}"
EndProject
Project("{9A19103F-16F7-4668-BE54-9A1E7A4F7556}") = "TemporaryFrontEnd", "TemporaryFrontEnd\TemporaryFrontEnd.csproj", "{C783CB4E-EA9F-4551-8A51-E651DF99F235}"
EndProject
Project("{9A19103F-16F7-4668-BE54-9A1E7A4F7556}") = "ContainerizedAlgorithm", "ContainerizedAlgorithm\ContainerizedAlgorithm.csproj", "{D3227E6E-2E3C-475C-B060-7F5600C232A4}"
EndProject
Project("{FAE04EC0-301F-11D3-BF4B-00C04F79EFBC}") = "MachineManagementAndInformation", "MachineManagementAndInformation\MachineManagementAndInformation.csproj", "{CFB70279-61AD-41FA-A1C5-5E0AF286F1E7}"
EndProject
Global
	GlobalSection(SolutionConfigurationPlatforms) = preSolution
		Debug|Any CPU = Debug|Any CPU
		Release|Any CPU = Release|Any CPU
	EndGlobalSection
	GlobalSection(ProjectConfigurationPlatforms) = postSolution
		{1100B55B-5032-465B-8261-0C43526323F7}.Debug|Any CPU.ActiveCfg = Debug|Any CPU
		{1100B55B-5032-465B-8261-0C43526323F7}.Debug|Any CPU.Build.0 = Debug|Any CPU
		{1100B55B-5032-465B-8261-0C43526323F7}.Release|Any CPU.ActiveCfg = Release|Any CPU
		{1100B55B-5032-465B-8261-0C43526323F7}.Release|Any CPU.Build.0 = Release|Any CPU
		{2ED73018-B987-40F8-9848-21EFDD2483E3}.Debug|Any CPU.ActiveCfg = Debug|Any CPU
		{2ED73018-B987-40F8-9848-21EFDD2483E3}.Debug|Any CPU.Build.0 = Debug|Any CPU
		{2ED73018-B987-40F8-9848-21EFDD2483E3}.Release|Any CPU.ActiveCfg = Release|Any CPU
		{2ED73018-B987-40F8-9848-21EFDD2483E3}.Release|Any CPU.Build.0 = Release|Any CPU
		{C783CB4E-EA9F-4551-8A51-E651DF99F235}.Debug|Any CPU.ActiveCfg = Debug|Any CPU
		{C783CB4E-EA9F-4551-8A51-E651DF99F235}.Debug|Any CPU.Build.0 = Debug|Any CPU
		{C783CB4E-EA9F-4551-8A51-E651DF99F235}.Release|Any CPU.ActiveCfg = Release|Any CPU
		{C783CB4E-EA9F-4551-8A51-E651DF99F235}.Release|Any CPU.Build.0 = Release|Any CPU
		{D3227E6E-2E3C-475C-B060-7F5600C232A4}.Debug|Any CPU.ActiveCfg = Debug|Any CPU
		{D3227E6E-2E3C-475C-B060-7F5600C232A4}.Debug|Any CPU.Build.0 = Debug|Any CPU
		{D3227E6E-2E3C-475C-B060-7F5600C232A4}.Release|Any CPU.ActiveCfg = Release|Any CPU
		{D3227E6E-2E3C-475C-B060-7F5600C232A4}.Release|Any CPU.Build.0 = Release|Any CPU
		{CFB70279-61AD-41FA-A1C5-5E0AF286F1E7}.Debug|Any CPU.ActiveCfg = Debug|Any CPU
		{CFB70279-61AD-41FA-A1C5-5E0AF286F1E7}.Debug|Any CPU.Build.0 = Debug|Any CPU
		{CFB70279-61AD-41FA-A1C5-5E0AF286F1E7}.Release|Any CPU.ActiveCfg = Release|Any CPU
		{CFB70279-61AD-41FA-A1C5-5E0AF286F1E7}.Release|Any CPU.Build.0 = Release|Any CPU
	EndGlobalSection
	GlobalSection(SolutionProperties) = preSolution
		HideSolutionNode = FALSE
	EndGlobalSection
	GlobalSection(ExtensibilityGlobals) = postSolution
		SolutionGuid = {2AD8CF10-2B94-4D75-90D7-D1C8F9223762}
	EndGlobalSection
EndGlobal
